PODS:
  - CCHBinaryData (1.0.0)
  - CCHTransportClient (1.0):
    - CCHBinaryData (~> 1.0.0)
    - GZIP (~> 1.0.0)
    - Ono (~> 1.1.0)
  - GZIP (1.0.3)
  - Ono (1.1.3)

DEPENDENCIES:
  - CCHTransportClient (from `..`)

EXTERNAL SOURCES:
  CCHTransportClient:
    :path: ..

SPEC CHECKSUMS:
  CCHBinaryData: 7977a7e3b0a557bfaa98876c5c27033f39d1b8ca
  CCHTransportClient: 14f2aae23deea2ee5c7168858a7dc9ccb6e17603
  GZIP: f27c434ffee5e9a9b34f4e9c19e91350fa8bbde1
  Ono: cf5cb37c76225200d6f063e4189c15b4b6c9d5fe

COCOAPODS: 0.35.0
